
Microsoft Visual Studio Solution File, Format Version 12.00
Project("{FAE04EC0-301F-11D3-BF4B-00C04F79EFBC}") = "Notificator", "Notificator\Notificator.csproj", "{52905A34-C945-4288-88F2-3AADE7F90117}"
EndProject
Project("{FAE04EC0-301F-11D3-BF4B-00C04F79EFBC}") = "Notificator.Client", "Notificator.Client\Notificator.Client.csproj", "{7A939340-B79A-4BA4-818A-7495D64AAA47}"
EndProject
Project("{FAE04EC0-301F-11D3-BF4B-00C04F79EFBC}") = "Notificator.Data", "Notificator.Data\Notificator.Data.csproj", "{EDFCD413-8A8B-4A2E-AAA4-15EA2C7AC621}"
EndProject
Project("{2150E333-8FDC-42A3-9474-1A3956D46DE8}") = "Addons", "Addons", "{500DEF16-A967-4671-8834-3CE787E561DF}"
EndProject
Global
	GlobalSection(SolutionConfigurationPlatforms) = preSolution
		Debug|Any CPU = Debug|Any CPU
		Release|Any CPU = Release|Any CPU
	EndGlobalSection
	GlobalSection(ProjectConfigurationPlatforms) = postSolution
		{52905A34-C945-4288-88F2-3AADE7F90117}.Debug|Any CPU.ActiveCfg = Debug|Any CPU
		{52905A34-C945-4288-88F2-3AADE7F90117}.Debug|Any CPU.Build.0 = Debug|Any CPU
		{52905A34-C945-4288-88F2-3AADE7F90117}.Release|Any CPU.ActiveCfg = Release|Any CPU
		{52905A34-C945-4288-88F2-3AADE7F90117}.Release|Any CPU.Build.0 = Release|Any CPU
		{7A939340-B79A-4BA4-818A-7495D64AAA47}.Debug|Any CPU.ActiveCfg = Debug|Any CPU
		{7A939340-B79A-4BA4-818A-7495D64AAA47}.Debug|Any CPU.Build.0 = Debug|Any CPU
		{7A939340-B79A-4BA4-818A-7495D64AAA47}.Release|Any CPU.ActiveCfg = Release|Any CPU
		{7A939340-B79A-4BA4-818A-7495D64AAA47}.Release|Any CPU.Build.0 = Release|Any CPU
		{EDFCD413-8A8B-4A2E-AAA4-15EA2C7AC621}.Debug|Any CPU.ActiveCfg = Debug|Any CPU
		{EDFCD413-8A8B-4A2E-AAA4-15EA2C7AC621}.Debug|Any CPU.Build.0 = Debug|Any CPU
		{EDFCD413-8A8B-4A2E-AAA4-15EA2C7AC621}.Release|Any CPU.ActiveCfg = Release|Any CPU
		{EDFCD413-8A8B-4A2E-AAA4-15EA2C7AC621}.Release|Any CPU.Build.0 = Release|Any CPU
	EndGlobalSection
	GlobalSection(NestedProjects) = preSolution
		{7A939340-B79A-4BA4-818A-7495D64AAA47} = {500DEF16-A967-4671-8834-3CE787E561DF}
	EndGlobalSection
EndGlobal
